
Microsoft Visual Studio Solution File, Format Version 12.00
# Visual Studio Version 17
VisualStudioVersion = 17.5.33424.131
MinimumVisualStudioVersion = 10.0.40219.1
Project("{FAE04EC0-301F-11D3-BF4B-00C04F79EFBC}") = "LoggingDemo", "LoggingDemo\LoggingDemo.csproj", "{5F1CCDE2-C2F7-43EB-A9FD-4EF019E5EF34}"
EndProject
Global
	GlobalSection(SolutionConfigurationPlatforms) = preSolution
		Debug|Any CPU = Debug|Any CPU
		Release|Any CPU = Release|Any CPU
	EndGlobalSection
	GlobalSection(ProjectConfigurationPlatforms) = postSolution
		{5F1CCDE2-C2F7-43EB-A9FD-4EF019E5EF34}.Debug|Any CPU.ActiveCfg = Debug|Any CPU
		{5F1CCDE2-C2F7-43EB-A9FD-4EF019E5EF34}.Debug|Any CPU.Build.0 = Debug|Any CPU
		{5F1CCDE2-C2F7-43EB-A9FD-4EF019E5EF34}.Release|Any CPU.ActiveCfg = Release|Any CPU
		{5F1CCDE2-C2F7-43EB-A9FD-4EF019E5EF34}.Release|Any CPU.Build.0 = Release|Any CPU
	EndGlobalSection
	GlobalSection(SolutionProperties) = preSolution
		HideSolutionNode = FALSE
	EndGlobalSection
	GlobalSection(ExtensibilityGlobals) = postSolution
		SolutionGuid = {65919F4D-EEFC-4247-806E-D76625E33756}
	EndGlobalSection
EndGlobal
